
Microsoft Visual Studio Solution File, Format Version 12.00
# Visual Studio 14
VisualStudioVersion = 14.0.24720.0
MinimumVisualStudioVersion = 10.0.40219.1
Project("{FAE04EC0-301F-11D3-BF4B-00C04F79EFBC}") = "Application.MVCProject", "Application.MVCProject\Application.MVCProject.csproj", "{59EF8F52-AE6C-45EE-AEA5-36A429BEC934}"
EndProject
Project("{FAE04EC0-301F-11D3-BF4B-00C04F79EFBC}") = "Application.LogicLayer", "Application.LogicLayer\Application.LogicLayer.csproj", "{7C4A014F-AD45-4DA3-BCCC-1DEC76148280}"
EndProject
Project("{FAE04EC0-301F-11D3-BF4B-00C04F79EFBC}") = "Application.DataLogicLayer", "Application.DataLogicLayer\Application.DataLogicLayer.csproj", "{913059B3-952B-4F9C-9D0F-87E2303DF1CC}"
EndProject
Project("{FAE04EC0-301F-11D3-BF4B-00C04F79EFBC}") = "Applicaiton.Logic.Test", "Applicaiton.Logic.Test\Applicaiton.Logic.Test.csproj", "{D09C4879-3DC6-44F0-82D0-FC857DA96683}"
EndProject
Project("{FAE04EC0-301F-11D3-BF4B-00C04F79EFBC}") = "MVCBootstrap", "MVCBootstrap\MVCBootstrap.csproj", "{7F88E760-CFA0-4D95-ACD2-3CB76C9E4AE2}"
EndProject
Project("{FAE04EC0-301F-11D3-BF4B-00C04F79EFBC}") = "Food", "Food\Food.csproj", "{F7425E66-8F06-4808-A087-76900C41552F}"
EndProject
Project("{FAE04EC0-301F-11D3-BF4B-00C04F79EFBC}") = "ConsoleTests", "ConsoleTests\ConsoleTests.csproj", "{942C53B4-B873-46EA-A5AA-79EC62C27205}"
EndProject
Global
	GlobalSection(SolutionConfigurationPlatforms) = preSolution
		Debug|Any CPU = Debug|Any CPU
		Release|Any CPU = Release|Any CPU
	EndGlobalSection
	GlobalSection(ProjectConfigurationPlatforms) = postSolution
		{59EF8F52-AE6C-45EE-AEA5-36A429BEC934}.Debug|Any CPU.ActiveCfg = Debug|Any CPU
		{59EF8F52-AE6C-45EE-AEA5-36A429BEC934}.Debug|Any CPU.Build.0 = Debug|Any CPU
		{59EF8F52-AE6C-45EE-AEA5-36A429BEC934}.Release|Any CPU.ActiveCfg = Release|Any CPU
		{59EF8F52-AE6C-45EE-AEA5-36A429BEC934}.Release|Any CPU.Build.0 = Release|Any CPU
		{7C4A014F-AD45-4DA3-BCCC-1DEC76148280}.Debug|Any CPU.ActiveCfg = Debug|Any CPU
		{7C4A014F-AD45-4DA3-BCCC-1DEC76148280}.Debug|Any CPU.Build.0 = Debug|Any CPU
		{7C4A014F-AD45-4DA3-BCCC-1DEC76148280}.Release|Any CPU.ActiveCfg = Release|Any CPU
		{7C4A014F-AD45-4DA3-BCCC-1DEC76148280}.Release|Any CPU.Build.0 = Release|Any CPU
		{913059B3-952B-4F9C-9D0F-87E2303DF1CC}.Debug|Any CPU.ActiveCfg = Debug|Any CPU
		{913059B3-952B-4F9C-9D0F-87E2303DF1CC}.Debug|Any CPU.Build.0 = Debug|Any CPU
		{913059B3-952B-4F9C-9D0F-87E2303DF1CC}.Release|Any CPU.ActiveCfg = Release|Any CPU
		{913059B3-952B-4F9C-9D0F-87E2303DF1CC}.Release|Any CPU.Build.0 = Release|Any CPU
		{D09C4879-3DC6-44F0-82D0-FC857DA96683}.Debug|Any CPU.ActiveCfg = Debug|Any CPU
		{D09C4879-3DC6-44F0-82D0-FC857DA96683}.Debug|Any CPU.Build.0 = Debug|Any CPU
		{D09C4879-3DC6-44F0-82D0-FC857DA96683}.Release|Any CPU.ActiveCfg = Release|Any CPU
		{D09C4879-3DC6-44F0-82D0-FC857DA96683}.Release|Any CPU.Build.0 = Release|Any CPU
		{7F88E760-CFA0-4D95-ACD2-3CB76C9E4AE2}.Debug|Any CPU.ActiveCfg = Debug|Any CPU
		{7F88E760-CFA0-4D95-ACD2-3CB76C9E4AE2}.Debug|Any CPU.Build.0 = Debug|Any CPU
		{7F88E760-CFA0-4D95-ACD2-3CB76C9E4AE2}.Release|Any CPU.ActiveCfg = Release|Any CPU
		{7F88E760-CFA0-4D95-ACD2-3CB76C9E4AE2}.Release|Any CPU.Build.0 = Release|Any CPU
		{F7425E66-8F06-4808-A087-76900C41552F}.Debug|Any CPU.ActiveCfg = Debug|Any CPU
		{F7425E66-8F06-4808-A087-76900C41552F}.Debug|Any CPU.Build.0 = Debug|Any CPU
		{F7425E66-8F06-4808-A087-76900C41552F}.Release|Any CPU.ActiveCfg = Release|Any CPU
		{F7425E66-8F06-4808-A087-76900C41552F}.Release|Any CPU.Build.0 = Release|Any CPU
		{942C53B4-B873-46EA-A5AA-79EC62C27205}.Debug|Any CPU.ActiveCfg = Debug|Any CPU
		{942C53B4-B873-46EA-A5AA-79EC62C27205}.Debug|Any CPU.Build.0 = Debug|Any CPU
		{942C53B4-B873-46EA-A5AA-79EC62C27205}.Release|Any CPU.ActiveCfg = Release|Any CPU
		{942C53B4-B873-46EA-A5AA-79EC62C27205}.Release|Any CPU.Build.0 = Release|Any CPU
	EndGlobalSection
	GlobalSection(SolutionProperties) = preSolution
		HideSolutionNode = FALSE
	EndGlobalSection
EndGlobal
